PODS:
  - Expecta (0.2.4)
  - Nimble (1.0.0)
  - OCMock (2.2.4)

DEPENDENCIES:
  - Expecta (~> 0.2.3)
  - Nimble
  - OCMock (~> 2.2.1)

SPEC CHECKSUMS:
  Expecta: cfaf1d3e2e194ca704a25e997093d30a1ce70b61
  Nimble: 8bee528e5fcc403653076545db562d2b5db7bb87
  OCMock: a6a7dc0e3997fb9f35d99f72528698ebf60d64f2

COCOAPODS: 0.37.2
