{
  "pins" : [
    {
      "identity" : "dwifft",
      "kind" : "remoteSourceControl",
      "location" : "https://github.com/DenTelezhkin/Dwifft",
      "state" : {
        "branch" : "xcode12",
        "revision" : "c5786ace953392a440f409ca6e53d790643f6fd9"
      }
    },
    {
      "identity" : "heckeldiff",
      "kind" : "remoteSourceControl",
      "location" : "https://github.com/mcudich/HeckelDiff",
      "state" : {
        "branch" : "master",
        "revision" : "4e2cbd918c961733632e0df3078951a3541dcd64"
      }
    },
    {
      "identity" : "realm-cocoa",
      "kind" : "remoteSourceControl",
      "location" : "https://github.com/realm/realm-cocoa",
      "state" : {
        "revision" : "fd279e0a94b46c5bd65b17e36817a4365c7a5482",
        "version" : "10.28.2"
      }
    },
    {
      "identity" : "realm-core",
      "kind" : "remoteSourceControl",
      "location" : "https://github.com/realm/realm-core",
      "state" : {
        "revision" : "55a48c287b5e3a8ca129c257ec7e3b92bcb2a05f",
        "version" : "12.3.0"
      }
    }
  ],
  "version" : 2
}
