{
  "object": {
    "pins": [
      {
        "package": "Dwifft",
        "repositoryURL": "https://github.com/DenTelezhkin/Dwifft",
        "state": {
          "branch": "xcode12",
          "revision": "c5786ace953392a440f409ca6e53d790643f6fd9",
          "version": null
        }
      },
      {
        "package": "HeckelDiff",
        "repositoryURL": "https://github.com/DenTelezhkin/HeckelDiff",
        "state": {
          "branch": "xcode12",
          "revision": "4ed83f754df046df73d5cfd00ceda04ebfd68336",
          "version": null
        }
      },
      {
        "package": "Realm",
        "repositoryURL": "https://github.com/realm/realm-cocoa",
        "state": {
          "branch": null,
          "revision": "b3fa932233bfa53966c373933d60157545a3f09f",
          "version": "5.1.0"
        }
      },
      {
        "package": "RealmCore",
        "repositoryURL": "https://github.com/realm/realm-core",
        "state": {
          "branch": null,
          "revision": "bc900a2a8e05722c1b42f95396adb3c99eeb500f",
          "version": "6.0.6"
        }
      }
    ]
  },
  "version": 1
}
