{
  "object": {
    "pins": [
      {
        "package": "Dwifft",
        "repositoryURL": "https://github.com/DenTelezhkin/Dwifft",
        "state": {
          "branch": "xcode12",
          "revision": "c5786ace953392a440f409ca6e53d790643f6fd9",
          "version": null
        }
      },
      {
        "package": "HeckelDiff",
        "repositoryURL": "https://github.com/mcudich/HeckelDiff",
        "state": {
          "branch": "master",
          "revision": "4e2cbd918c961733632e0df3078951a3541dcd64",
          "version": null
        }
      },
      {
        "package": "Realm",
        "repositoryURL": "https://github.com/realm/realm-cocoa",
        "state": {
          "branch": null,
          "revision": "000b257aa576bbe2c8ca18e6e84bd6cb56e5cf5b",
          "version": "10.1.0"
        }
      },
      {
        "package": "RealmCore",
        "repositoryURL": "https://github.com/realm/realm-core",
        "state": {
          "branch": null,
          "revision": "c29f4347aff5d1f61f7672c05ebf1bfbc1d44d25",
          "version": "10.0.0"
        }
      }
    ]
  },
  "version": 1
}
