// !$*UTF8*$!
{
	archiveVersion = 1;
	classes = {
	};
	objectVersion = 46;
	objects = {

/* Begin PBXBuildFile section */
		09205E56F6021D638C8EF3EB /* Pods_XCTests.framework in Frameworks */ = {isa = PBXBuildFile; fileRef = 511C52FCBAAC25E386DBED7A /* Pods_XCTests.framework */; settings = {ATTRIBUTES = (Weak, ); }; };
		9A06014E1B527BF400B0F699 /* CoreDataStorage.swift in Sources */ = {isa = PBXBuildFile; fileRef = 9A06014C1B527BF400B0F699 /* CoreDataStorage.swift */; };
		9A0601521B527BFA00B0F699 /* MemoryStorage.swift in Sources */ = {isa = PBXBuildFile; fileRef = 9A06014F1B527BFA00B0F699 /* MemoryStorage.swift */; };
		9A0601541B527BFA00B0F699 /* SectionModel.swift in Sources */ = {isa = PBXBuildFile; fileRef = 9A0601501B527BFA00B0F699 /* SectionModel.swift */; };
		9A063C711B5155E400A49FF3 /* MemoryStorageSearchSpec.swift in Sources */ = {isa = PBXBuildFile; fileRef = 9A063C701B5155E400A49FF3 /* MemoryStorageSearchSpec.swift */; };
		9A063C731B51639900A49FF3 /* MemoryStorageAddSpec.swift in Sources */ = {isa = PBXBuildFile; fileRef = 9A063C721B51639900A49FF3 /* MemoryStorageAddSpec.swift */; };
		9A063C751B51667E00A49FF3 /* StorageUpdatesObserver.swift in Sources */ = {isa = PBXBuildFile; fileRef = 9A063C741B51667E00A49FF3 /* StorageUpdatesObserver.swift */; };
		9A063C771B5169C300A49FF3 /* MemoryStorageEditSpecs.swift in Sources */ = {isa = PBXBuildFile; fileRef = 9A063C761B5169C300A49FF3 /* MemoryStorageEditSpecs.swift */; };
		9A27AB031B526F86002EFB47 /* MemoryStorage+UpdateWithoutAnimations.swift in Sources */ = {isa = PBXBuildFile; fileRef = 9A27AB001B526F86002EFB47 /* MemoryStorage+UpdateWithoutAnimations.swift */; };
		9A27AB051B526F86002EFB47 /* ModelTransfer.swift in Sources */ = {isa = PBXBuildFile; fileRef = 9A27AB011B526F86002EFB47 /* ModelTransfer.swift */; };
		9A4618781B525C3F009BE01D /* MemoryStorageRemovingItemsSpecs.swift in Sources */ = {isa = PBXBuildFile; fileRef = 9A4618771B525C3F009BE01D /* MemoryStorageRemovingItemsSpecs.swift */; };
		9A52DD701B5AB1CB0048F535 /* MemoryStorage+DTTableViewManager.swift in Sources */ = {isa = PBXBuildFile; fileRef = 9A52DD6F1B5AB1CB0048F535 /* MemoryStorage+DTTableViewManager.swift */; };
		9A75CECD1B55B6FE007FB06C /* RuntimeHelper.swift in Sources */ = {isa = PBXBuildFile; fileRef = 9A75CECB1B55B6FE007FB06C /* RuntimeHelper.swift */; };
		9A75CED01B55B724007FB06C /* UINib+Existance.swift in Sources */ = {isa = PBXBuildFile; fileRef = 9A75CECE1B55B724007FB06C /* UINib+Existance.swift */; };
		9AB1FFED1B5D31A6008B6828 /* DTModelStorage.h in Headers */ = {isa = PBXBuildFile; fileRef = 9AF9315E1B594F7500456503 /* DTModelStorage.h */; settings = {ATTRIBUTES = (Public, ); }; };
		9ADFC8C31B8B402B00AB4CD9 /* MemoryStorage+DTCollectionViewManager.swift in Sources */ = {isa = PBXBuildFile; fileRef = 9ADFC8C21B8B402B00AB4CD9 /* MemoryStorage+DTCollectionViewManager.swift */; };
		9AF8E4B11B527C44005A2406 /* BaseStorage.swift in Sources */ = {isa = PBXBuildFile; fileRef = 9AF8E4AC1B527C44005A2406 /* BaseStorage.swift */; };
		9AF8E4B31B527C44005A2406 /* Section.swift in Sources */ = {isa = PBXBuildFile; fileRef = 9AF8E4AD1B527C44005A2406 /* Section.swift */; };
		9AF8E4B51B527C44005A2406 /* StorageProtocol.swift in Sources */ = {isa = PBXBuildFile; fileRef = 9AF8E4AE1B527C44005A2406 /* StorageProtocol.swift */; };
		9AF8E4B71B527C44005A2406 /* StorageUpdate.swift in Sources */ = {isa = PBXBuildFile; fileRef = 9AF8E4AF1B527C44005A2406 /* StorageUpdate.swift */; };
		9AF931811B59511D00456503 /* RuntimeHelperTestCase.swift in Sources */ = {isa = PBXBuildFile; fileRef = 9A75CED41B55B78C007FB06C /* RuntimeHelperTestCase.swift */; };
		9AFE809F1B500D5A006B11B7 /* SectionModelTestCase.swift in Sources */ = {isa = PBXBuildFile; fileRef = 9AFE809E1B500D5A006B11B7 /* SectionModelTestCase.swift */; };
/* End PBXBuildFile section */

/* Begin PBXContainerItemProxy section */
		9A063C6E1B51555100A49FF3 /* PBXContainerItemProxy */ = {
			isa = PBXContainerItemProxy;
			containerPortal = AA3B07A2185F55C100A95D16 /* Project object */;
			proxyType = 1;
			remoteGlobalIDString = 9A2A385A1AEE24340021E97D;
			remoteInfo = "DTModelStorage iOS";
		};
/* End PBXContainerItemProxy section */

/* Begin PBXFileReference section */
		021F6E6FB11267DA92AF1C4B /* Pods-XCTests.release.xcconfig */ = {isa = PBXFileReference; includeInIndex = 1; lastKnownFileType = text.xcconfig; name = "Pods-XCTests.release.xcconfig"; path = "Pods/Target Support Files/Pods-XCTests/Pods-XCTests.release.xcconfig"; sourceTree = "<group>"; };
		511C52FCBAAC25E386DBED7A /* Pods_XCTests.framework */ = {isa = PBXFileReference; explicitFileType = wrapper.framework; includeInIndex = 0; path = Pods_XCTests.framework; sourceTree = BUILT_PRODUCTS_DIR; };
		822B184A0B59DAA2E7FB431B /* Pods-XCTests.debug.xcconfig */ = {isa = PBXFileReference; includeInIndex = 1; lastKnownFileType = text.xcconfig; name = "Pods-XCTests.debug.xcconfig"; path = "Pods/Target Support Files/Pods-XCTests/Pods-XCTests.debug.xcconfig"; sourceTree = "<group>"; };
		95B30BAC1861E6E300AB82AC /* Default-568h@2x.png */ = {isa = PBXFileReference; lastKnownFileType = image.png; path = "Default-568h@2x.png"; sourceTree = "<group>"; };
		9A06014C1B527BF400B0F699 /* CoreDataStorage.swift */ = {isa = PBXFileReference; fileEncoding = 4; lastKnownFileType = sourcecode.swift; name = CoreDataStorage.swift; path = Swift/CoreData/CoreDataStorage.swift; sourceTree = "<group>"; };
		9A06014F1B527BFA00B0F699 /* MemoryStorage.swift */ = {isa = PBXFileReference; fileEncoding = 4; lastKnownFileType = sourcecode.swift; name = MemoryStorage.swift; path = Swift/Memory/MemoryStorage.swift; sourceTree = "<group>"; };
		9A0601501B527BFA00B0F699 /* SectionModel.swift */ = {isa = PBXFileReference; fileEncoding = 4; lastKnownFileType = sourcecode.swift; name = SectionModel.swift; path = Swift/Memory/SectionModel.swift; sourceTree = "<group>"; };
		9A063C701B5155E400A49FF3 /* MemoryStorageSearchSpec.swift */ = {isa = PBXFileReference; fileEncoding = 4; lastKnownFileType = sourcecode.swift; name = MemoryStorageSearchSpec.swift; path = Specs/MemoryStorage/MemoryStorageSearchSpec.swift; sourceTree = "<group>"; };
		9A063C721B51639900A49FF3 /* MemoryStorageAddSpec.swift */ = {isa = PBXFileReference; fileEncoding = 4; lastKnownFileType = sourcecode.swift; name = MemoryStorageAddSpec.swift; path = Specs/MemoryStorage/MemoryStorageAddSpec.swift; sourceTree = "<group>"; };
		9A063C741B51667E00A49FF3 /* StorageUpdatesObserver.swift */ = {isa = PBXFileReference; fileEncoding = 4; lastKnownFileType = sourcecode.swift; name = StorageUpdatesObserver.swift; path = Helpers/StorageUpdatesObserver.swift; sourceTree = "<group>"; };
		9A063C761B5169C300A49FF3 /* MemoryStorageEditSpecs.swift */ = {isa = PBXFileReference; fileEncoding = 4; lastKnownFileType = sourcecode.swift; name = MemoryStorageEditSpecs.swift; path = Specs/MemoryStorage/MemoryStorageEditSpecs.swift; sourceTree = "<group>"; };
		9A27AB001B526F86002EFB47 /* MemoryStorage+UpdateWithoutAnimations.swift */ = {isa = PBXFileReference; fileEncoding = 4; lastKnownFileType = sourcecode.swift; name = "MemoryStorage+UpdateWithoutAnimations.swift"; path = "Swift/Utilities/MemoryStorage+UpdateWithoutAnimations.swift"; sourceTree = "<group>"; };
		9A27AB011B526F86002EFB47 /* ModelTransfer.swift */ = {isa = PBXFileReference; fileEncoding = 4; lastKnownFileType = sourcecode.swift; name = ModelTransfer.swift; path = Swift/Utilities/ModelTransfer.swift; sourceTree = "<group>"; };
		9A2A385B1AEE24340021E97D /* DTModelStorage.framework */ = {isa = PBXFileReference; explicitFileType = wrapper.framework; includeInIndex = 0; path = DTModelStorage.framework; sourceTree = BUILT_PRODUCTS_DIR; };
		9A2A38B61AEE26980021E97D /* DTModelStorage-Info.plist */ = {isa = PBXFileReference; lastKnownFileType = text.plist.xml; path = "DTModelStorage-Info.plist"; sourceTree = "<group>"; };
		9A4618771B525C3F009BE01D /* MemoryStorageRemovingItemsSpecs.swift */ = {isa = PBXFileReference; fileEncoding = 4; lastKnownFileType = sourcecode.swift; name = MemoryStorageRemovingItemsSpecs.swift; path = Specs/MemoryStorage/MemoryStorageRemovingItemsSpecs.swift; sourceTree = "<group>"; };
		9A52DD6F1B5AB1CB0048F535 /* MemoryStorage+DTTableViewManager.swift */ = {isa = PBXFileReference; fileEncoding = 4; lastKnownFileType = sourcecode.swift; name = "MemoryStorage+DTTableViewManager.swift"; path = "Swift/Utilities/MemoryStorage+DTTableViewManager.swift"; sourceTree = "<group>"; };
		9A75CECB1B55B6FE007FB06C /* RuntimeHelper.swift */ = {isa = PBXFileReference; fileEncoding = 4; lastKnownFileType = sourcecode.swift; name = RuntimeHelper.swift; path = Swift/Utilities/RuntimeHelper.swift; sourceTree = "<group>"; };
		9A75CECE1B55B724007FB06C /* UINib+Existance.swift */ = {isa = PBXFileReference; fileEncoding = 4; lastKnownFileType = sourcecode.swift; name = "UINib+Existance.swift"; path = "Swift/Utilities/UINib+Existance.swift"; sourceTree = "<group>"; };
		9A75CED41B55B78C007FB06C /* RuntimeHelperTestCase.swift */ = {isa = PBXFileReference; fileEncoding = 4; lastKnownFileType = sourcecode.swift; name = RuntimeHelperTestCase.swift; path = Specs/RuntimeHelperTestCase.swift; sourceTree = "<group>"; };
		9A7D5BAB19D860700083673D /* XCTests.xctest */ = {isa = PBXFileReference; explicitFileType = wrapper.cfbundle; includeInIndex = 0; path = XCTests.xctest; sourceTree = BUILT_PRODUCTS_DIR; };
		9A7D5BAE19D860700083673D /* Info.plist */ = {isa = PBXFileReference; lastKnownFileType = text.plist.xml; path = Info.plist; sourceTree = "<group>"; };
		9A7D5BBA19D860FD0083673D /* Tests-Prefix.pch */ = {isa = PBXFileReference; lastKnownFileType = sourcecode.c.h; path = "Tests-Prefix.pch"; sourceTree = "<group>"; };
		9ADFC8C21B8B402B00AB4CD9 /* MemoryStorage+DTCollectionViewManager.swift */ = {isa = PBXFileReference; fileEncoding = 4; lastKnownFileType = sourcecode.swift; name = "MemoryStorage+DTCollectionViewManager.swift"; path = "Swift/Utilities/MemoryStorage+DTCollectionViewManager.swift"; sourceTree = "<group>"; };
		9AF8E4AC1B527C44005A2406 /* BaseStorage.swift */ = {isa = PBXFileReference; fileEncoding = 4; lastKnownFileType = sourcecode.swift; name = BaseStorage.swift; path = Swift/Core/BaseStorage.swift; sourceTree = "<group>"; };
		9AF8E4AD1B527C44005A2406 /* Section.swift */ = {isa = PBXFileReference; fileEncoding = 4; lastKnownFileType = sourcecode.swift; name = Section.swift; path = Swift/Core/Section.swift; sourceTree = "<group>"; };
		9AF8E4AE1B527C44005A2406 /* StorageProtocol.swift */ = {isa = PBXFileReference; fileEncoding = 4; lastKnownFileType = sourcecode.swift; name = StorageProtocol.swift; path = Swift/Core/StorageProtocol.swift; sourceTree = "<group>"; };
		9AF8E4AF1B527C44005A2406 /* StorageUpdate.swift */ = {isa = PBXFileReference; fileEncoding = 4; lastKnownFileType = sourcecode.swift; name = StorageUpdate.swift; path = Swift/Core/StorageUpdate.swift; sourceTree = "<group>"; };
		9AF9315E1B594F7500456503 /* DTModelStorage.h */ = {isa = PBXFileReference; lastKnownFileType = sourcecode.c.h; name = DTModelStorage.h; path = Swift/DTModelStorage.h; sourceTree = "<group>"; };
		9AFE809E1B500D5A006B11B7 /* SectionModelTestCase.swift */ = {isa = PBXFileReference; fileEncoding = 4; lastKnownFileType = sourcecode.swift; name = SectionModelTestCase.swift; path = Specs/MemoryStorage/SectionModelTestCase.swift; sourceTree = "<group>"; };
/* End PBXFileReference section */

/* Begin PBXFrameworksBuildPhase section */
		9A2A38571AEE24340021E97D /* Frameworks */ = {
			isa = PBXFrameworksBuildPhase;
			buildActionMask = 2147483647;
			files = (
			);
			runOnlyForDeploymentPostprocessing = 0;
		};
		9A7D5BA819D860700083673D /* Frameworks */ = {
			isa = PBXFrameworksBuildPhase;
			buildActionMask = 2147483647;
			files = (
				09205E56F6021D638C8EF3EB /* Pods_XCTests.framework in Frameworks */,
			);
			runOnlyForDeploymentPostprocessing = 0;
		};
/* End PBXFrameworksBuildPhase section */

/* Begin PBXGroup section */
		02AC1D4E57B0009357078FF1 /* Frameworks */ = {
			isa = PBXGroup;
			children = (
				511C52FCBAAC25E386DBED7A /* Pods_XCTests.framework */,
			);
			name = Frameworks;
			sourceTree = "<group>";
		};
		95E178721861B8D300D1B083 /* DTModelStorage */ = {
			isa = PBXGroup;
			children = (
				9AF8E4BA1B527C91005A2406 /* Memory */,
				9AF8E4B91B527C80005A2406 /* CoreData */,
				AA478955187FEEBC00E51667 /* Utitlities */,
				9AF8E4B81B527C69005A2406 /* Core */,
				9AF9315E1B594F7500456503 /* DTModelStorage.h */,
			);
			name = DTModelStorage;
			path = ../DTModelStorage;
			sourceTree = "<group>";
		};
		9A24F69E19DA032C009DE5D4 /* MemoryStorage */ = {
			isa = PBXGroup;
			children = (
				9A75CED41B55B78C007FB06C /* RuntimeHelperTestCase.swift */,
				9A063C701B5155E400A49FF3 /* MemoryStorageSearchSpec.swift */,
				9A063C721B51639900A49FF3 /* MemoryStorageAddSpec.swift */,
				9A063C761B5169C300A49FF3 /* MemoryStorageEditSpecs.swift */,
				9A4618771B525C3F009BE01D /* MemoryStorageRemovingItemsSpecs.swift */,
				9AFE809E1B500D5A006B11B7 /* SectionModelTestCase.swift */,
				9A063C741B51667E00A49FF3 /* StorageUpdatesObserver.swift */,
			);
			name = MemoryStorage;
			sourceTree = "<group>";
		};
		9A7D5BAC19D860700083673D /* XCTests */ = {
			isa = PBXGroup;
			children = (
				9A24F69E19DA032C009DE5D4 /* MemoryStorage */,
				9A7D5BAD19D860700083673D /* Supporting Files */,
			);
			path = XCTests;
			sourceTree = "<group>";
		};
		9A7D5BAD19D860700083673D /* Supporting Files */ = {
			isa = PBXGroup;
			children = (
				9A7D5BAE19D860700083673D /* Info.plist */,
				9A7D5BBA19D860FD0083673D /* Tests-Prefix.pch */,
			);
			name = "Supporting Files";
			sourceTree = "<group>";
		};
		9AF8E4B81B527C69005A2406 /* Core */ = {
			isa = PBXGroup;
			children = (
				9AF8E4AC1B527C44005A2406 /* BaseStorage.swift */,
				9AF8E4AD1B527C44005A2406 /* Section.swift */,
				9AF8E4AE1B527C44005A2406 /* StorageProtocol.swift */,
				9AF8E4AF1B527C44005A2406 /* StorageUpdate.swift */,
			);
			name = Core;
			sourceTree = "<group>";
		};
		9AF8E4B91B527C80005A2406 /* CoreData */ = {
			isa = PBXGroup;
			children = (
				9A06014C1B527BF400B0F699 /* CoreDataStorage.swift */,
			);
			name = CoreData;
			sourceTree = "<group>";
		};
		9AF8E4BA1B527C91005A2406 /* Memory */ = {
			isa = PBXGroup;
			children = (
				9A06014F1B527BFA00B0F699 /* MemoryStorage.swift */,
				9A0601501B527BFA00B0F699 /* SectionModel.swift */,
			);
			name = Memory;
			sourceTree = "<group>";
		};
		AA3B07A1185F55C100A95D16 = {
			isa = PBXGroup;
			children = (
				9A2A38B61AEE26980021E97D /* DTModelStorage-Info.plist */,
				95B30BAC1861E6E300AB82AC /* Default-568h@2x.png */,
				95E178721861B8D300D1B083 /* DTModelStorage */,
				9A7D5BAC19D860700083673D /* XCTests */,
				AA3B07AB185F55C100A95D16 /* Products */,
				F5750F5FF3E0E19A645F2EAD /* Pods */,
				02AC1D4E57B0009357078FF1 /* Frameworks */,
			);
			sourceTree = "<group>";
		};
		AA3B07AB185F55C100A95D16 /* Products */ = {
			isa = PBXGroup;
			children = (
				9A7D5BAB19D860700083673D /* XCTests.xctest */,
				9A2A385B1AEE24340021E97D /* DTModelStorage.framework */,
			);
			name = Products;
			sourceTree = "<group>";
		};
		AA478955187FEEBC00E51667 /* Utitlities */ = {
			isa = PBXGroup;
			children = (
				9A27AB001B526F86002EFB47 /* MemoryStorage+UpdateWithoutAnimations.swift */,
				9A27AB011B526F86002EFB47 /* ModelTransfer.swift */,
				9A75CECB1B55B6FE007FB06C /* RuntimeHelper.swift */,
				9A75CECE1B55B724007FB06C /* UINib+Existance.swift */,
				9A52DD6F1B5AB1CB0048F535 /* MemoryStorage+DTTableViewManager.swift */,
				9ADFC8C21B8B402B00AB4CD9 /* MemoryStorage+DTCollectionViewManager.swift */,
			);
			name = Utitlities;
			sourceTree = "<group>";
		};
		F5750F5FF3E0E19A645F2EAD /* Pods */ = {
			isa = PBXGroup;
			children = (
				822B184A0B59DAA2E7FB431B /* Pods-XCTests.debug.xcconfig */,
				021F6E6FB11267DA92AF1C4B /* Pods-XCTests.release.xcconfig */,
			);
			name = Pods;
			sourceTree = "<group>";
		};
/* End PBXGroup section */

/* Begin PBXHeadersBuildPhase section */
		9A2A38581AEE24340021E97D /* Headers */ = {
			isa = PBXHeadersBuildPhase;
			buildActionMask = 2147483647;
			files = (
				9AB1FFED1B5D31A6008B6828 /* DTModelStorage.h in Headers */,
			);
			runOnlyForDeploymentPostprocessing = 0;
		};
/* End PBXHeadersBuildPhase section */

/* Begin PBXNativeTarget section */
		9A2A385A1AEE24340021E97D /* DTModelStorage */ = {
			isa = PBXNativeTarget;
			buildConfigurationList = 9A2A38721AEE24350021E97D /* Build configuration list for PBXNativeTarget "DTModelStorage" */;
			buildPhases = (
				9A2A38561AEE24340021E97D /* Sources */,
				9A2A38571AEE24340021E97D /* Frameworks */,
				9A2A38581AEE24340021E97D /* Headers */,
				9A2A38591AEE24340021E97D /* Resources */,
			);
			buildRules = (
			);
			dependencies = (
			);
			name = DTModelStorage;
			productName = "DTModelStorage iOS";
			productReference = 9A2A385B1AEE24340021E97D /* DTModelStorage.framework */;
			productType = "com.apple.product-type.framework";
		};
		9A7D5BAA19D860700083673D /* XCTests */ = {
			isa = PBXNativeTarget;
			buildConfigurationList = 9A7D5BB119D860700083673D /* Build configuration list for PBXNativeTarget "XCTests" */;
			buildPhases = (
				3AB979A499BC5AA9FFA7F05E /* Check Pods Manifest.lock */,
				9A7D5BA719D860700083673D /* Sources */,
				9A7D5BA819D860700083673D /* Frameworks */,
				9A7D5BA919D860700083673D /* Resources */,
				50A16669149A36ABE9221C13 /* Embed Pods Frameworks */,
				9083E94849178EC9687AB01E /* Copy Pods Resources */,
			);
			buildRules = (
			);
			dependencies = (
				9A063C6F1B51555100A49FF3 /* PBXTargetDependency */,
			);
			name = XCTests;
			productName = XCTests;
			productReference = 9A7D5BAB19D860700083673D /* XCTests.xctest */;
			productType = "com.apple.product-type.bundle.unit-test";
		};
/* End PBXNativeTarget section */

/* Begin PBXProject section */
		AA3B07A2185F55C100A95D16 /* Project object */ = {
			isa = PBXProject;
			attributes = {
				LastSwiftUpdateCheck = 0700;
				LastUpgradeCheck = 0700;
				ORGANIZATIONNAME = "Denys Telezhkin";
				TargetAttributes = {
					9A2A385A1AEE24340021E97D = {
						CreatedOnToolsVersion = 6.3.1;
						DevelopmentTeam = L94VC9ZZXC;
					};
					9A7D5BAA19D860700083673D = {
						CreatedOnToolsVersion = 6.0.1;
					};
				};
			};
			buildConfigurationList = AA3B07A5185F55C100A95D16 /* Build configuration list for PBXProject "DTModelStorageTests" */;
			compatibilityVersion = "Xcode 3.2";
			developmentRegion = English;
			hasScannedForEncodings = 0;
			knownRegions = (
				en,
			);
			mainGroup = AA3B07A1185F55C100A95D16;
			productRefGroup = AA3B07AB185F55C100A95D16 /* Products */;
			projectDirPath = "";
			projectRoot = "";
			targets = (
				9A7D5BAA19D860700083673D /* XCTests */,
				9A2A385A1AEE24340021E97D /* DTModelStorage */,
			);
		};
/* End PBXProject section */

/* Begin PBXResourcesBuildPhase section */
		9A2A38591AEE24340021E97D /* Resources */ = {
			isa = PBXResourcesBuildPhase;
			buildActionMask = 2147483647;
			files = (
			);
			runOnlyForDeploymentPostprocessing = 0;
		};
		9A7D5BA919D860700083673D /* Resources */ = {
			isa = PBXResourcesBuildPhase;
			buildActionMask = 2147483647;
			files = (
			);
			runOnlyForDeploymentPostprocessing = 0;
		};
/* End PBXResourcesBuildPhase section */

/* Begin PBXShellScriptBuildPhase section */
		3AB979A499BC5AA9FFA7F05E /* Check Pods Manifest.lock */ = {
			isa = PBXShellScriptBuildPhase;
			buildActionMask = 2147483647;
			files = (
			);
			inputPaths = (
			);
			name = "Check Pods Manifest.lock";
			outputPaths = (
			);
			runOnlyForDeploymentPostprocessing = 0;
			shellPath = /bin/sh;
			shellScript = "diff \"${PODS_ROOT}/../Podfile.lock\" \"${PODS_ROOT}/Manifest.lock\" > /dev/null\nif [[ $? != 0 ]] ; then\n    cat << EOM\nerror: The sandbox is not in sync with the Podfile.lock. Run 'pod install' or update your CocoaPods installation.\nEOM\n    exit 1\nfi\n";
			showEnvVarsInLog = 0;
		};
		50A16669149A36ABE9221C13 /* Embed Pods Frameworks */ = {
			isa = PBXShellScriptBuildPhase;
			buildActionMask = 2147483647;
			files = (
			);
			inputPaths = (
			);
			name = "Embed Pods Frameworks";
			outputPaths = (
			);
			runOnlyForDeploymentPostprocessing = 0;
			shellPath = /bin/sh;
			shellScript = "\"${SRCROOT}/Pods/Target Support Files/Pods-XCTests/Pods-XCTests-frameworks.sh\"\n";
			showEnvVarsInLog = 0;
		};
		9083E94849178EC9687AB01E /* Copy Pods Resources */ = {
			isa = PBXShellScriptBuildPhase;
			buildActionMask = 2147483647;
			files = (
			);
			inputPaths = (
			);
			name = "Copy Pods Resources";
			outputPaths = (
			);
			runOnlyForDeploymentPostprocessing = 0;
			shellPath = /bin/sh;
			shellScript = "\"${SRCROOT}/Pods/Target Support Files/Pods-XCTests/Pods-XCTests-resources.sh\"\n";
			showEnvVarsInLog = 0;
		};
/* End PBXShellScriptBuildPhase section */

/* Begin PBXSourcesBuildPhase section */
		9A2A38561AEE24340021E97D /* Sources */ = {
			isa = PBXSourcesBuildPhase;
			buildActionMask = 2147483647;
			files = (
				9A52DD701B5AB1CB0048F535 /* MemoryStorage+DTTableViewManager.swift in Sources */,
				9A75CED01B55B724007FB06C /* UINib+Existance.swift in Sources */,
				9A27AB031B526F86002EFB47 /* MemoryStorage+UpdateWithoutAnimations.swift in Sources */,
				9A0601541B527BFA00B0F699 /* SectionModel.swift in Sources */,
				9AF8E4B31B527C44005A2406 /* Section.swift in Sources */,
				9ADFC8C31B8B402B00AB4CD9 /* MemoryStorage+DTCollectionViewManager.swift in Sources */,
				9A0601521B527BFA00B0F699 /* MemoryStorage.swift in Sources */,
				9A75CECD1B55B6FE007FB06C /* RuntimeHelper.swift in Sources */,
				9AF8E4B71B527C44005A2406 /* StorageUpdate.swift in Sources */,
				9AF8E4B51B527C44005A2406 /* StorageProtocol.swift in Sources */,
				9AF8E4B11B527C44005A2406 /* BaseStorage.swift in Sources */,
				9A27AB051B526F86002EFB47 /* ModelTransfer.swift in Sources */,
				9A06014E1B527BF400B0F699 /* CoreDataStorage.swift in Sources */,
			);
			runOnlyForDeploymentPostprocessing = 0;
		};
		9A7D5BA719D860700083673D /* Sources */ = {
			isa = PBXSourcesBuildPhase;
			buildActionMask = 2147483647;
			files = (
				9A063C731B51639900A49FF3 /* MemoryStorageAddSpec.swift in Sources */,
				9A063C751B51667E00A49FF3 /* StorageUpdatesObserver.swift in Sources */,
				9A063C711B5155E400A49FF3 /* MemoryStorageSearchSpec.swift in Sources */,
				9A4618781B525C3F009BE01D /* MemoryStorageRemovingItemsSpecs.swift in Sources */,
				9AF931811B59511D00456503 /* RuntimeHelperTestCase.swift in Sources */,
				9A063C771B5169C300A49FF3 /* MemoryStorageEditSpecs.swift in Sources */,
				9AFE809F1B500D5A006B11B7 /* SectionModelTestCase.swift in Sources */,
			);
			runOnlyForDeploymentPostprocessing = 0;
		};
/* End PBXSourcesBuildPhase section */

/* Begin PBXTargetDependency section */
		9A063C6F1B51555100A49FF3 /* PBXTargetDependency */ = {
			isa = PBXTargetDependency;
			target = 9A2A385A1AEE24340021E97D /* DTModelStorage */;
			targetProxy = 9A063C6E1B51555100A49FF3 /* PBXContainerItemProxy */;
		};
/* End PBXTargetDependency section */

/* Begin XCBuildConfiguration section */
		9A2A386E1AEE24350021E97D /* Debug */ = {
			isa = XCBuildConfiguration;
			buildSettings = {
				CLANG_ENABLE_MODULES = YES;
				CLANG_WARN_UNREACHABLE_CODE = YES;
				CODE_SIGN_IDENTITY = "iPhone Developer";
				CURRENT_PROJECT_VERSION = 1;
				DEBUG_INFORMATION_FORMAT = "dwarf-with-dsym";
				DEFINES_MODULE = YES;
				DYLIB_COMPATIBILITY_VERSION = 1;
				DYLIB_CURRENT_VERSION = 1;
				DYLIB_INSTALL_NAME_BASE = "@rpath";
				EMBEDDED_CONTENT_CONTAINS_SWIFT = YES;
				ENABLE_STRICT_OBJC_MSGSEND = YES;
				GCC_NO_COMMON_BLOCKS = YES;
				GCC_PREPROCESSOR_DEFINITIONS = (
					"DEBUG=1",
					"$(inherited)",
				);
				GCC_WARN_UNINITIALIZED_AUTOS = YES_AGGRESSIVE;
				INFOPLIST_FILE = "$(SRCROOT)/DTModelStorage-Info.plist";
				INSTALL_PATH = "$(LOCAL_LIBRARY_DIR)/Frameworks";
				IPHONEOS_DEPLOYMENT_TARGET = 8.0;
				LD_RUNPATH_SEARCH_PATHS = "$(inherited) @executable_path/Frameworks @loader_path/Frameworks";
				MTL_ENABLE_DEBUG_INFO = YES;
				PRODUCT_BUNDLE_IDENTIFIER = "com.mlsdev.$(PRODUCT_NAME:rfc1034identifier)";
				PRODUCT_NAME = DTModelStorage;
				SKIP_INSTALL = YES;
				SWIFT_INSTALL_OBJC_HEADER = NO;
				SWIFT_OBJC_INTERFACE_HEADER_NAME = "";
				SWIFT_OPTIMIZATION_LEVEL = "-Onone";
				TARGETED_DEVICE_FAMILY = "1,2";
				VERSIONING_SYSTEM = "apple-generic";
				VERSION_INFO_PREFIX = "";
			};
			name = Debug;
		};
		9A2A386F1AEE24350021E97D /* Release */ = {
			isa = XCBuildConfiguration;
			buildSettings = {
				CLANG_ENABLE_MODULES = YES;
				CLANG_WARN_UNREACHABLE_CODE = YES;
				CODE_SIGN_IDENTITY = "iPhone Developer";
				COPY_PHASE_STRIP = NO;
				CURRENT_PROJECT_VERSION = 1;
				DEBUG_INFORMATION_FORMAT = "dwarf-with-dsym";
				DEFINES_MODULE = YES;
				DYLIB_COMPATIBILITY_VERSION = 1;
				DYLIB_CURRENT_VERSION = 1;
				DYLIB_INSTALL_NAME_BASE = "@rpath";
				EMBEDDED_CONTENT_CONTAINS_SWIFT = YES;
				ENABLE_STRICT_OBJC_MSGSEND = YES;
				GCC_NO_COMMON_BLOCKS = YES;
				GCC_WARN_UNINITIALIZED_AUTOS = YES_AGGRESSIVE;
				INFOPLIST_FILE = "$(SRCROOT)/DTModelStorage-Info.plist";
				INSTALL_PATH = "$(LOCAL_LIBRARY_DIR)/Frameworks";
				IPHONEOS_DEPLOYMENT_TARGET = 8.0;
				LD_RUNPATH_SEARCH_PATHS = "$(inherited) @executable_path/Frameworks @loader_path/Frameworks";
				MTL_ENABLE_DEBUG_INFO = NO;
				PRODUCT_BUNDLE_IDENTIFIER = "com.mlsdev.$(PRODUCT_NAME:rfc1034identifier)";
				PRODUCT_NAME = DTModelStorage;
				SKIP_INSTALL = YES;
				SWIFT_INSTALL_OBJC_HEADER = NO;
				SWIFT_OBJC_INTERFACE_HEADER_NAME = "";
				TARGETED_DEVICE_FAMILY = "1,2";
				VERSIONING_SYSTEM = "apple-generic";
				VERSION_INFO_PREFIX = "";
			};
			name = Release;
		};
		9A7D5BB219D860700083673D /* Debug */ = {
			isa = XCBuildConfiguration;
			baseConfigurationReference = 822B184A0B59DAA2E7FB431B /* Pods-XCTests.debug.xcconfig */;
			buildSettings = {
				CLANG_ENABLE_MODULES = YES;
				CLANG_WARN_UNREACHABLE_CODE = YES;
				EMBEDDED_CONTENT_CONTAINS_SWIFT = YES;
				ENABLE_STRICT_OBJC_MSGSEND = YES;
				GCC_PRECOMPILE_PREFIX_HEADER = YES;
				GCC_PREFIX_HEADER = "XCTests/Tests-Prefix.pch";
				GCC_PREPROCESSOR_DEFINITIONS = (
					"DEBUG=1",
					"$(inherited)",
				);
				GCC_WARN_UNINITIALIZED_AUTOS = YES_AGGRESSIVE;
				INFOPLIST_FILE = XCTests/Info.plist;
				IPHONEOS_DEPLOYMENT_TARGET = 8.0;
				LD_RUNPATH_SEARCH_PATHS = "$(inherited) @executable_path/Frameworks @loader_path/Frameworks";
				MTL_ENABLE_DEBUG_INFO = YES;
				PRODUCT_BUNDLE_IDENTIFIER = "com.mlsdev.$(PRODUCT_NAME:rfc1034identifier)";
				PRODUCT_NAME = "$(TARGET_NAME)";
				SWIFT_DISABLE_SAFETY_CHECKS = YES;
				SWIFT_INSTALL_OBJC_HEADER = YES;
				SWIFT_OPTIMIZATION_LEVEL = "-O";
			};
			name = Debug;
		};
		9A7D5BB319D860700083673D /* Release */ = {
			isa = XCBuildConfiguration;
			baseConfigurationReference = 021F6E6FB11267DA92AF1C4B /* Pods-XCTests.release.xcconfig */;
			buildSettings = {
				CLANG_ENABLE_MODULES = YES;
				CLANG_WARN_UNREACHABLE_CODE = YES;
				EMBEDDED_CONTENT_CONTAINS_SWIFT = YES;
				ENABLE_STRICT_OBJC_MSGSEND = YES;
				GCC_PRECOMPILE_PREFIX_HEADER = YES;
				GCC_PREFIX_HEADER = "XCTests/Tests-Prefix.pch";
				GCC_WARN_UNINITIALIZED_AUTOS = YES_AGGRESSIVE;
				INFOPLIST_FILE = XCTests/Info.plist;
				IPHONEOS_DEPLOYMENT_TARGET = 8.0;
				LD_RUNPATH_SEARCH_PATHS = "$(inherited) @executable_path/Frameworks @loader_path/Frameworks";
				MTL_ENABLE_DEBUG_INFO = NO;
				PRODUCT_BUNDLE_IDENTIFIER = "com.mlsdev.$(PRODUCT_NAME:rfc1034identifier)";
				PRODUCT_NAME = "$(TARGET_NAME)";
				SWIFT_INSTALL_OBJC_HEADER = YES;
			};
			name = Release;
		};
		AA3B07D4185F55C100A95D16 /* Debug */ = {
			isa = XCBuildConfiguration;
			buildSettings = {
				ALWAYS_SEARCH_USER_PATHS = NO;
				CLANG_CXX_LANGUAGE_STANDARD = "gnu++0x";
				CLANG_CXX_LIBRARY = "libc++";
				CLANG_ENABLE_MODULES = YES;
				CLANG_ENABLE_OBJC_ARC = YES;
				CLANG_WARN_BOOL_CONVERSION = YES;
				CLANG_WARN_CONSTANT_CONVERSION = YES;
				CLANG_WARN_DIRECT_OBJC_ISA_USAGE = YES_ERROR;
				CLANG_WARN_EMPTY_BODY = YES;
				CLANG_WARN_ENUM_CONVERSION = YES;
				CLANG_WARN_INT_CONVERSION = YES;
				CLANG_WARN_OBJC_ROOT_CLASS = YES_ERROR;
				CLANG_WARN__DUPLICATE_METHOD_MATCH = YES;
				"CODE_SIGN_IDENTITY[sdk=iphoneos*]" = "iPhone Developer";
				COPY_PHASE_STRIP = NO;
				ENABLE_TESTABILITY = YES;
				GCC_C_LANGUAGE_STANDARD = gnu99;
				GCC_DYNAMIC_NO_PIC = NO;
				GCC_OPTIMIZATION_LEVEL = 0;
				GCC_PREPROCESSOR_DEFINITIONS = (
					"DEBUG=1",
					"$(inherited)",
				);
				GCC_SYMBOLS_PRIVATE_EXTERN = NO;
				GCC_WARN_64_TO_32_BIT_CONVERSION = YES;
				GCC_WARN_ABOUT_RETURN_TYPE = YES_ERROR;
				GCC_WARN_UNDECLARED_SELECTOR = YES;
				GCC_WARN_UNINITIALIZED_AUTOS = YES;
				GCC_WARN_UNUSED_FUNCTION = YES;
				GCC_WARN_UNUSED_VARIABLE = YES;
				IPHONEOS_DEPLOYMENT_TARGET = 8.0;
				ONLY_ACTIVE_ARCH = YES;
				SDKROOT = iphoneos;
			};
			name = Debug;
		};
		AA3B07D5185F55C100A95D16 /* Release */ = {
			isa = XCBuildConfiguration;
			buildSettings = {
				ALWAYS_SEARCH_USER_PATHS = NO;
				CLANG_CXX_LANGUAGE_STANDARD = "gnu++0x";
				CLANG_CXX_LIBRARY = "libc++";
				CLANG_ENABLE_MODULES = YES;
				CLANG_ENABLE_OBJC_ARC = YES;
				CLANG_WARN_BOOL_CONVERSION = YES;
				CLANG_WARN_CONSTANT_CONVERSION = YES;
				CLANG_WARN_DIRECT_OBJC_ISA_USAGE = YES_ERROR;
				CLANG_WARN_EMPTY_BODY = YES;
				CLANG_WARN_ENUM_CONVERSION = YES;
				CLANG_WARN_INT_CONVERSION = YES;
				CLANG_WARN_OBJC_ROOT_CLASS = YES_ERROR;
				CLANG_WARN__DUPLICATE_METHOD_MATCH = YES;
				"CODE_SIGN_IDENTITY[sdk=iphoneos*]" = "iPhone Developer";
				COPY_PHASE_STRIP = YES;
				ENABLE_NS_ASSERTIONS = NO;
				GCC_C_LANGUAGE_STANDARD = gnu99;
				GCC_WARN_64_TO_32_BIT_CONVERSION = YES;
				GCC_WARN_ABOUT_RETURN_TYPE = YES_ERROR;
				GCC_WARN_UNDECLARED_SELECTOR = YES;
				GCC_WARN_UNINITIALIZED_AUTOS = YES;
				GCC_WARN_UNUSED_FUNCTION = YES;
				GCC_WARN_UNUSED_VARIABLE = YES;
				IPHONEOS_DEPLOYMENT_TARGET = 8.0;
				SDKROOT = iphoneos;
				VALIDATE_PRODUCT = YES;
			};
			name = Release;
		};
/* End XCBuildConfiguration section */

/* Begin XCConfigurationList section */
		9A2A38721AEE24350021E97D /* Build configuration list for PBXNativeTarget "DTModelStorage" */ = {
			isa = XCConfigurationList;
			buildConfigurations = (
				9A2A386E1AEE24350021E97D /* Debug */,
				9A2A386F1AEE24350021E97D /* Release */,
			);
			defaultConfigurationIsVisible = 0;
			defaultConfigurationName = Release;
		};
		9A7D5BB119D860700083673D /* Build configuration list for PBXNativeTarget "XCTests" */ = {
			isa = XCConfigurationList;
			buildConfigurations = (
				9A7D5BB219D860700083673D /* Debug */,
				9A7D5BB319D860700083673D /* Release */,
			);
			defaultConfigurationIsVisible = 0;
			defaultConfigurationName = Release;
		};
		AA3B07A5185F55C100A95D16 /* Build configuration list for PBXProject "DTModelStorageTests" */ = {
			isa = XCConfigurationList;
			buildConfigurations = (
				AA3B07D4185F55C100A95D16 /* Debug */,
				AA3B07D5185F55C100A95D16 /* Release */,
			);
			defaultConfigurationIsVisible = 0;
			defaultConfigurationName = Release;
		};
/* End XCConfigurationList section */
	};
	rootObject = AA3B07A2185F55C100A95D16 /* Project object */;
}
